// !$*UTF8*$!
{
	archiveVersion = 1;
	classes = {
	};
	objectVersion = 48;
	objects = {

/* Begin PBXBuildFile section */
		DAA22B891F300F70004B53CC /* AppDelegate.swift in Sources */ = {isa = PBXBuildFile; fileRef = DAA22B881F300F70004B53CC /* AppDelegate.swift */; };
		DAA22B8B1F300F70004B53CC /* CameraVC.swift in Sources */ = {isa = PBXBuildFile; fileRef = DAA22B8A1F300F70004B53CC /* CameraVC.swift */; };
		DAA22B8E1F300F70004B53CC /* Main.storyboard in Resources */ = {isa = PBXBuildFile; fileRef = DAA22B8C1F300F70004B53CC /* Main.storyboard */; };
		DAA22B901F300F70004B53CC /* Assets.xcassets in Resources */ = {isa = PBXBuildFile; fileRef = DAA22B8F1F300F70004B53CC /* Assets.xcassets */; };
		DAA22B931F300F70004B53CC /* LaunchScreen.storyboard in Resources */ = {isa = PBXBuildFile; fileRef = DAA22B911F300F70004B53CC /* LaunchScreen.storyboard */; };
		DAA22B9E1F301F57004B53CC /* RoundedShadowView.swift in Sources */ = {isa = PBXBuildFile; fileRef = DAA22B9D1F301F57004B53CC /* RoundedShadowView.swift */; };
		DAA22BA01F3020BC004B53CC /* RoundedShadowButton.swift in Sources */ = {isa = PBXBuildFile; fileRef = DAA22B9F1F3020BC004B53CC /* RoundedShadowButton.swift */; };
		DAA22BA21F30216B004B53CC /* RoundedShadowImageView.swift in Sources */ = {isa = PBXBuildFile; fileRef = DAA22BA11F30216B004B53CC /* RoundedShadowImageView.swift */; };
/* End PBXBuildFile section */

/* Begin PBXFileReference section */
		DAA22B851F300F6F004B53CC /* vision-app.app */ = {isa = PBXFileReference; explicitFileType = wrapper.application; includeInIndex = 0; path = "vision-app.app"; sourceTree = BUILT_PRODUCTS_DIR; };
		DAA22B881F300F70004B53CC /* AppDelegate.swift */ = {isa = PBXFileReference; lastKnownFileType = sourcecode.swift; path = AppDelegate.swift; sourceTree = "<group>"; };
		DAA22B8A1F300F70004B53CC /* CameraVC.swift */ = {isa = PBXFileReference; lastKnownFileType = sourcecode.swift; path = CameraVC.swift; sourceTree = "<group>"; };
		DAA22B8D1F300F70004B53CC /* Base */ = {isa = PBXFileReference; lastKnownFileType = file.storyboard; name = Base; path = Base.lproj/Main.storyboard; sourceTree = "<group>"; };
		DAA22B8F1F300F70004B53CC /* Assets.xcassets */ = {isa = PBXFileReference; lastKnownFileType = folder.assetcatalog; path = Assets.xcassets; sourceTree = "<group>"; };
		DAA22B921F300F70004B53CC /* Base */ = {isa = PBXFileReference; lastKnownFileType = file.storyboard; name = Base; path = Base.lproj/LaunchScreen.storyboard; sourceTree = "<group>"; };
		DAA22B941F300F70004B53CC /* Info.plist */ = {isa = PBXFileReference; lastKnownFileType = text.plist.xml; path = Info.plist; sourceTree = "<group>"; };
		DAA22B9D1F301F57004B53CC /* RoundedShadowView.swift */ = {isa = PBXFileReference; lastKnownFileType = sourcecode.swift; path = RoundedShadowView.swift; sourceTree = "<group>"; };
		DAA22B9F1F3020BC004B53CC /* RoundedShadowButton.swift */ = {isa = PBXFileReference; lastKnownFileType = sourcecode.swift; path = RoundedShadowButton.swift; sourceTree = "<group>"; };
		DAA22BA11F30216B004B53CC /* RoundedShadowImageView.swift */ = {isa = PBXFileReference; lastKnownFileType = sourcecode.swift; path = RoundedShadowImageView.swift; sourceTree = "<group>"; };
/* End PBXFileReference section */

/* Begin PBXFrameworksBuildPhase section */
		DAA22B821F300F6F004B53CC /* Frameworks */ = {
			isa = PBXFrameworksBuildPhase;
			buildActionMask = 2147483647;
			files = (
			);
			runOnlyForDeploymentPostprocessing = 0;
		};
/* End PBXFrameworksBuildPhase section */

/* Begin PBXGroup section */
		DAA22B7C1F300F6F004B53CC = {
			isa = PBXGroup;
			children = (
				DAA22B871F300F6F004B53CC /* vision-app */,
				DAA22B861F300F6F004B53CC /* Products */,
			);
			sourceTree = "<group>";
		};
		DAA22B861F300F6F004B53CC /* Products */ = {
			isa = PBXGroup;
			children = (
				DAA22B851F300F6F004B53CC /* vision-app.app */,
			);
			name = Products;
			sourceTree = "<group>";
		};
		DAA22B871F300F6F004B53CC /* vision-app */ = {
			isa = PBXGroup;
			children = (
				DAA22B9C1F300FE6004B53CC /* Resources */,
				DAA22B9B1F300FD4004B53CC /* View */,
				DAA22B9A1F300FCB004B53CC /* Controller */,
				DAA22B881F300F70004B53CC /* AppDelegate.swift */,
				DAA22B8C1F300F70004B53CC /* Main.storyboard */,
				DAA22B8F1F300F70004B53CC /* Assets.xcassets */,
				DAA22B911F300F70004B53CC /* LaunchScreen.storyboard */,
				DAA22B941F300F70004B53CC /* Info.plist */,
			);
			path = "vision-app";
			sourceTree = "<group>";
		};
		DAA22B9A1F300FCB004B53CC /* Controller */ = {
			isa = PBXGroup;
			children = (
				DAA22B8A1F300F70004B53CC /* CameraVC.swift */,
			);
			path = Controller;
			sourceTree = "<group>";
		};
		DAA22B9B1F300FD4004B53CC /* View */ = {
			isa = PBXGroup;
			children = (
				DAA22B9D1F301F57004B53CC /* RoundedShadowView.swift */,
				DAA22B9F1F3020BC004B53CC /* RoundedShadowButton.swift */,
				DAA22BA11F30216B004B53CC /* RoundedShadowImageView.swift */,
			);
			path = View;
			sourceTree = "<group>";
		};
		DAA22B9C1F300FE6004B53CC /* Resources */ = {
			isa = PBXGroup;
			children = (
			);
			path = Resources;
			sourceTree = "<group>";
		};
/* End PBXGroup section */

/* Begin PBXNativeTarget section */
		DAA22B841F300F6F004B53CC /* vision-app */ = {
			isa = PBXNativeTarget;
			buildConfigurationList = DAA22B971F300F70004B53CC /* Build configuration list for PBXNativeTarget "vision-app" */;
			buildPhases = (
				DAA22B811F300F6F004B53CC /* Sources */,
				DAA22B821F300F6F004B53CC /* Frameworks */,
				DAA22B831F300F6F004B53CC /* Resources */,
			);
			buildRules = (
			);
			dependencies = (
			);
			name = "vision-app";
			productName = "vision-app";
			productReference = DAA22B851F300F6F004B53CC /* vision-app.app */;
			productType = "com.apple.product-type.application";
		};
/* End PBXNativeTarget section */

/* Begin PBXProject section */
		DAA22B7D1F300F6F004B53CC /* Project object */ = {
			isa = PBXProject;
			attributes = {
				LastSwiftUpdateCheck = 0900;
				LastUpgradeCheck = 0900;
				ORGANIZATIONNAME = "Laren Sakota";
				TargetAttributes = {
					DAA22B841F300F6F004B53CC = {
						CreatedOnToolsVersion = 9.0;
					};
				};
			};
			buildConfigurationList = DAA22B801F300F6F004B53CC /* Build configuration list for PBXProject "vision-app" */;
			compatibilityVersion = "Xcode 8.0";
			developmentRegion = en;
			hasScannedForEncodings = 0;
			knownRegions = (
				en,
				Base,
			);
			mainGroup = DAA22B7C1F300F6F004B53CC;
			productRefGroup = DAA22B861F300F6F004B53CC /* Products */;
			projectDirPath = "";
			projectRoot = "";
			targets = (
				DAA22B841F300F6F004B53CC /* vision-app */,
			);
		};
/* End PBXProject section */

/* Begin PBXResourcesBuildPhase section */
		DAA22B831F300F6F004B53CC /* Resources */ = {
			isa = PBXResourcesBuildPhase;
			buildActionMask = 2147483647;
			files = (
				DAA22B931F300F70004B53CC /* LaunchScreen.storyboard in Resources */,
				DAA22B901F300F70004B53CC /* Assets.xcassets in Resources */,
				DAA22B8E1F300F70004B53CC /* Main.storyboard in Resources */,
			);
			runOnlyForDeploymentPostprocessing = 0;
		};
/* End PBXResourcesBuildPhase section */

/* Begin PBXSourcesBuildPhase section */
		DAA22B811F300F6F004B53CC /* Sources */ = {
			isa = PBXSourcesBuildPhase;
			buildActionMask = 2147483647;
			files = (
				DAA22B8B1F300F70004B53CC /* CameraVC.swift in Sources */,
				DAA22B891F300F70004B53CC /* AppDelegate.swift in Sources */,
				DAA22B9E1F301F57004B53CC /* RoundedShadowView.swift in Sources */,
				DAA22BA01F3020BC004B53CC /* RoundedShadowButton.swift in Sources */,
				DAA22BA21F30216B004B53CC /* RoundedShadowImageView.swift in Sources */,
			);
			runOnlyForDeploymentPostprocessing = 0;
		};
/* End PBXSourcesBuildPhase section */

/* Begin PBXVariantGroup section */
		DAA22B8C1F300F70004B53CC /* Main.storyboard */ = {
			isa = PBXVariantGroup;
			children = (
				DAA22B8D1F300F70004B53CC /* Base */,
			);
			name = Main.storyboard;
			sourceTree = "<group>";
		};
		DAA22B911F300F70004B53CC /* LaunchScreen.storyboard */ = {
			isa = PBXVariantGroup;
			children = (
				DAA22B921F300F70004B53CC /* Base */,
			);
			name = LaunchScreen.storyboard;
			sourceTree = "<group>";
		};
/* End PBXVariantGroup section */

/* Begin XCBuildConfiguration section */
		DAA22B951F300F70004B53CC /* Debug */ = {
			isa = XCBuildConfiguration;
			buildSettings = {
				ALWAYS_SEARCH_USER_PATHS = NO;
				CLANG_ANALYZER_NONNULL = YES;
				CLANG_ANALYZER_NUMBER_OBJECT_CONVERSION = YES_AGGRESSIVE;
				CLANG_CXX_LANGUAGE_STANDARD = "gnu++14";
				CLANG_CXX_LIBRARY = "libc++";
				CLANG_ENABLE_MODULES = YES;
				CLANG_ENABLE_OBJC_ARC = YES;
				CLANG_WARN_BLOCK_CAPTURE_AUTORELEASING = YES;
				CLANG_WARN_BOOL_CONVERSION = YES;
				CLANG_WARN_COMMA = YES;
				CLANG_WARN_CONSTANT_CONVERSION = YES;
				CLANG_WARN_DIRECT_OBJC_ISA_USAGE = YES_ERROR;
				CLANG_WARN_DOCUMENTATION_COMMENTS = YES;
				CLANG_WARN_EMPTY_BODY = YES;
				CLANG_WARN_ENUM_CONVERSION = YES;
				CLANG_WARN_INFINITE_RECURSION = YES;
				CLANG_WARN_INT_CONVERSION = YES;
				CLANG_WARN_NON_LITERAL_NULL_CONVERSION = YES;
				CLANG_WARN_OBJC_LITERAL_CONVERSION = YES;
				CLANG_WARN_OBJC_ROOT_CLASS = YES_ERROR;
				CLANG_WARN_RANGE_LOOP_ANALYSIS = YES;
				CLANG_WARN_STRICT_PROTOTYPES = YES;
				CLANG_WARN_SUSPICIOUS_MOVE = YES;
				CLANG_WARN_UNGUARDED_AVAILABILITY = YES_AGGRESSIVE;
				CLANG_WARN_UNREACHABLE_CODE = YES;
				CLANG_WARN__DUPLICATE_METHOD_MATCH = YES;
				CODE_SIGN_IDENTITY = "iPhone Developer";
				COPY_PHASE_STRIP = NO;
				DEBUG_INFORMATION_FORMAT = dwarf;
				ENABLE_STRICT_OBJC_MSGSEND = YES;
				ENABLE_TESTABILITY = YES;
				GCC_C_LANGUAGE_STANDARD = gnu11;
				GCC_DYNAMIC_NO_PIC = NO;
				GCC_NO_COMMON_BLOCKS = YES;
				GCC_OPTIMIZATION_LEVEL = 0;
				GCC_PREPROCESSOR_DEFINITIONS = (
					"DEBUG=1",
					"$(inherited)",
				);
				GCC_WARN_64_TO_32_BIT_CONVERSION = YES;
				GCC_WARN_ABOUT_RETURN_TYPE = YES_ERROR;
				GCC_WARN_UNDECLARED_SELECTOR = YES;
				GCC_WARN_UNINITIALIZED_AUTOS = YES_AGGRESSIVE;
				GCC_WARN_UNUSED_FUNCTION = YES;
				GCC_WARN_UNUSED_VARIABLE = YES;
				IPHONEOS_DEPLOYMENT_TARGET = 11.0;
				MTL_ENABLE_DEBUG_INFO = YES;
				ONLY_ACTIVE_ARCH = YES;
				SDKROOT = iphoneos;
				SWIFT_ACTIVE_COMPILATION_CONDITIONS = DEBUG;
				SWIFT_OPTIMIZATION_LEVEL = "-Onone";
			};
			name = Debug;
		};
		DAA22B961F300F70004B53CC /* Release */ = {
			isa = XCBuildConfiguration;
			buildSettings = {
				ALWAYS_SEARCH_USER_PATHS = NO;
				CLANG_ANALYZER_NONNULL = YES;
				CLANG_ANALYZER_NUMBER_OBJECT_CONVERSION = YES_AGGRESSIVE;
				CLANG_CXX_LANGUAGE_STANDARD = "gnu++14";
				CLANG_CXX_LIBRARY = "libc++";
				CLANG_ENABLE_MODULES = YES;
				CLANG_ENABLE_OBJC_ARC = YES;
				CLANG_WARN_BLOCK_CAPTURE_AUTORELEASING = YES;
				CLANG_WARN_BOOL_CONVERSION = YES;
				CLANG_WARN_COMMA = YES;
				CLANG_WARN_CONSTANT_CONVERSION = YES;
				CLANG_WARN_DIRECT_OBJC_ISA_USAGE = YES_ERROR;
				CLANG_WARN_DOCUMENTATION_COMMENTS = YES;
				CLANG_WARN_EMPTY_BODY = YES;
				CLANG_WARN_ENUM_CONVERSION = YES;
				CLANG_WARN_INFINITE_RECURSION = YES;
				CLANG_WARN_INT_CONVERSION = YES;
				CLANG_WARN_NON_LITERAL_NULL_CONVERSION = YES;
				CLANG_WARN_OBJC_LITERAL_CONVERSION = YES;
				CLANG_WARN_OBJC_ROOT_CLASS = YES_ERROR;
				CLANG_WARN_RANGE_LOOP_ANALYSIS = YES;
				CLANG_WARN_STRICT_PROTOTYPES = YES;
				CLANG_WARN_SUSPICIOUS_MOVE = YES;
				CLANG_WARN_UNGUARDED_AVAILABILITY = YES_AGGRESSIVE;
				CLANG_WARN_UNREACHABLE_CODE = YES;
				CLANG_WARN__DUPLICATE_METHOD_MATCH = YES;
				CODE_SIGN_IDENTITY = "iPhone Developer";
				COPY_PHASE_STRIP = NO;
				DEBUG_INFORMATION_FORMAT = "dwarf-with-dsym";
				ENABLE_NS_ASSERTIONS = NO;
				ENABLE_STRICT_OBJC_MSGSEND = YES;
				GCC_C_LANGUAGE_STANDARD = gnu11;
				GCC_NO_COMMON_BLOCKS = YES;
				GCC_WARN_64_TO_32_BIT_CONVERSION = YES;
				GCC_WARN_ABOUT_RETURN_TYPE = YES_ERROR;
				GCC_WARN_UNDECLARED_SELECTOR = YES;
				GCC_WARN_UNINITIALIZED_AUTOS = YES_AGGRESSIVE;
				GCC_WARN_UNUSED_FUNCTION = YES;
				GCC_WARN_UNUSED_VARIABLE = YES;
				IPHONEOS_DEPLOYMENT_TARGET = 11.0;
				MTL_ENABLE_DEBUG_INFO = NO;
				SDKROOT = iphoneos;
				SWIFT_OPTIMIZATION_LEVEL = "-Owholemodule";
				VALIDATE_PRODUCT = YES;
			};
			name = Release;
		};
		DAA22B981F300F70004B53CC /* Debug */ = {
			isa = XCBuildConfiguration;
			buildSettings = {
				ASSETCATALOG_COMPILER_APPICON_NAME = AppIcon;
				DEVELOPMENT_TEAM = 68FLA3XZ62;
				INFOPLIST_FILE = "vision-app/Info.plist";
				LD_RUNPATH_SEARCH_PATHS = "$(inherited) @executable_path/Frameworks";
				PRODUCT_BUNDLE_IDENTIFIER = "com.321Go.vision-app";
				PRODUCT_NAME = "$(TARGET_NAME)";
				SWIFT_VERSION = 4.0;
				TARGETED_DEVICE_FAMILY = "1,2";
			};
			name = Debug;
		};
		DAA22B991F300F70004B53CC /* Release */ = {
			isa = XCBuildConfiguration;
			buildSettings = {
				ASSETCATALOG_COMPILER_APPICON_NAME = AppIcon;
				DEVELOPMENT_TEAM = 68FLA3XZ62;
				INFOPLIST_FILE = "vision-app/Info.plist";
				LD_RUNPATH_SEARCH_PATHS = "$(inherited) @executable_path/Frameworks";
				PRODUCT_BUNDLE_IDENTIFIER = "com.321Go.vision-app";
				PRODUCT_NAME = "$(TARGET_NAME)";
				SWIFT_VERSION = 4.0;
				TARGETED_DEVICE_FAMILY = "1,2";
			};
			name = Release;
		};
/* End XCBuildConfiguration section */

/* Begin XCConfigurationList section */
		DAA22B801F300F6F004B53CC /* Build configuration list for PBXProject "vision-app" */ = {
			isa = XCConfigurationList;
			buildConfigurations = (
				DAA22B951F300F70004B53CC /* Debug */,
				DAA22B961F300F70004B53CC /* Release */,
			);
			defaultConfigurationIsVisible = 0;
			defaultConfigurationName = Release;
		};
		DAA22B971F300F70004B53CC /* Build configuration list for PBXNativeTarget "vision-app" */ = {
			isa = XCConfigurationList;
			buildConfigurations = (
				DAA22B981F300F70004B53CC /* Debug */,
				DAA22B991F300F70004B53CC /* Release */,
			);
			defaultConfigurationIsVisible = 0;
			defaultConfigurationName = Release;
		};
/* End XCConfigurationList section */
	};
	rootObject = DAA22B7D1F300F6F004B53CC /* Project object */;
}
